// !$*UTF8*$!
{
	archiveVersion = 1;
	classes = {
	};
	objectVersion = 46;
	objects = {

/* Begin PBXBuildFile section */
		F4918EAD1D8696F6007A9BFD /* main.m in Sources */ = {isa = PBXBuildFile; fileRef = F4918EAC1D8696F6007A9BFD /* main.m */; };
		F496B3701D8ED499000855F7 /* Man.m in Sources */ = {isa = PBXBuildFile; fileRef = F496B36F1D8ED499000855F7 /* Man.m */; };
/* End PBXBuildFile section */

/* Begin PBXCopyFilesBuildPhase section */
		F4918EA71D8696F6007A9BFD /* CopyFiles */ = {
			isa = PBXCopyFilesBuildPhase;
			buildActionMask = 2147483647;
			dstPath = /usr/share/man/man1/;
			dstSubfolderSpec = 0;
			files = (
			);
			runOnlyForDeploymentPostprocessing = 1;
		};
/* End PBXCopyFilesBuildPhase section */

/* Begin PBXFileReference section */
		F4918EA91D8696F6007A9BFD /* study_oc */ = {isa = PBXFileReference; explicitFileType = "compiled.mach-o.executable"; includeInIndex = 0; path = study_oc; sourceTree = BUILT_PRODUCTS_DIR; };
		F4918EAC1D8696F6007A9BFD /* main.m */ = {isa = PBXFileReference; lastKnownFileType = sourcecode.c.objc; path = main.m; sourceTree = "<group>"; };
		F496B36E1D8ED499000855F7 /* Man.h */ = {isa = PBXFileReference; fileEncoding = 4; lastKnownFileType = sourcecode.c.h; path = Man.h; sourceTree = "<group>"; };
		F496B36F1D8ED499000855F7 /* Man.m */ = {isa = PBXFileReference; fileEncoding = 4; lastKnownFileType = sourcecode.c.objc; path = Man.m; sourceTree = "<group>"; };
		F496B3711D8EF667000855F7 /* IWalkable.h */ = {isa = PBXFileReference; lastKnownFileType = sourcecode.c.h; path = IWalkable.h; sourceTree = "<group>"; };
/* End PBXFileReference section */

/* Begin PBXFrameworksBuildPhase section */
		F4918EA61D8696F6007A9BFD /* Frameworks */ = {
			isa = PBXFrameworksBuildPhase;
			buildActionMask = 2147483647;
			files = (
			);
			runOnlyForDeploymentPostprocessing = 0;
		};
/* End PBXFrameworksBuildPhase section */

/* Begin PBXGroup section */
		F4918EA01D8696F6007A9BFD = {
			isa = PBXGroup;
			children = (
				F4918EAB1D8696F6007A9BFD /* study_oc */,
				F4918EAA1D8696F6007A9BFD /* Products */,
			);
			sourceTree = "<group>";
		};
		F4918EAA1D8696F6007A9BFD /* Products */ = {
			isa = PBXGroup;
			children = (
				F4918EA91D8696F6007A9BFD /* study_oc */,
			);
			name = Products;
			sourceTree = "<group>";
		};
		F4918EAB1D8696F6007A9BFD /* study_oc */ = {
			isa = PBXGroup;
			children = (
				F4918EAC1D8696F6007A9BFD /* main.m */,
				F496B36E1D8ED499000855F7 /* Man.h */,
				F496B36F1D8ED499000855F7 /* Man.m */,
				F496B3711D8EF667000855F7 /* IWalkable.h */,
			);
			path = study_oc;
			sourceTree = "<group>";
		};
/* End PBXGroup section */

/* Begin PBXNativeTarget section */
		F4918EA81D8696F6007A9BFD /* study_oc */ = {
			isa = PBXNativeTarget;
			buildConfigurationList = F4918EB01D8696F6007A9BFD /* Build configuration list for PBXNativeTarget "study_oc" */;
			buildPhases = (
				F4918EA51D8696F6007A9BFD /* Sources */,
				F4918EA61D8696F6007A9BFD /* Frameworks */,
				F4918EA71D8696F6007A9BFD /* CopyFiles */,
			);
			buildRules = (
			);
			dependencies = (
			);
			name = study_oc;
			productName = study_oc;
			productReference = F4918EA91D8696F6007A9BFD /* study_oc */;
			productType = "com.apple.product-type.tool";
		};
/* End PBXNativeTarget section */

/* Begin PBXProject section */
		F4918EA11D8696F6007A9BFD /* Project object */ = {
			isa = PBXProject;
			attributes = {
				LastUpgradeCheck = 0730;
				ORGANIZATIONNAME = "刘嘉铭";
				TargetAttributes = {
					F4918EA81D8696F6007A9BFD = {
						CreatedOnToolsVersion = 7.3;
					};
				};
			};
			buildConfigurationList = F4918EA41D8696F6007A9BFD /* Build configuration list for PBXProject "study_oc" */;
			compatibilityVersion = "Xcode 3.2";
			developmentRegion = English;
			hasScannedForEncodings = 0;
			knownRegions = (
				en,
			);
			mainGroup = F4918EA01D8696F6007A9BFD;
			productRefGroup = F4918EAA1D8696F6007A9BFD /* Products */;
			projectDirPath = "";
			projectRoot = "";
			targets = (
				F4918EA81D8696F6007A9BFD /* study_oc */,
			);
		};
/* End PBXProject section */

/* Begin PBXSourcesBuildPhase section */
		F4918EA51D8696F6007A9BFD /* Sources */ = {
			isa = PBXSourcesBuildPhase;
			buildActionMask = 2147483647;
			files = (
				F496B3701D8ED499000855F7 /* Man.m in Sources */,
				F4918EAD1D8696F6007A9BFD /* main.m in Sources */,
			);
			runOnlyForDeploymentPostprocessing = 0;
		};
/* End PBXSourcesBuildPhase section */

/* Begin XCBuildConfiguration section */
		F4918EAE1D8696F6007A9BFD /* Debug */ = {
			isa = XCBuildConfiguration;
			buildSettings = {
				ALWAYS_SEARCH_USER_PATHS = NO;
				CLANG_ANALYZER_NONNULL = YES;
				CLANG_CXX_LANGUAGE_STANDARD = "gnu++0x";
				CLANG_CXX_LIBRARY = "libc++";
				CLANG_ENABLE_MODULES = YES;
				CLANG_ENABLE_OBJC_ARC = YES;
				CLANG_WARN_BOOL_CONVERSION = YES;
				CLANG_WARN_CONSTANT_CONVERSION = YES;
				CLANG_WARN_DIRECT_OBJC_ISA_USAGE = YES_ERROR;
				CLANG_WARN_EMPTY_BODY = YES;
				CLANG_WARN_ENUM_CONVERSION = YES;
				CLANG_WARN_INT_CONVERSION = YES;
				CLANG_WARN_OBJC_ROOT_CLASS = YES_ERROR;
				CLANG_WARN_UNREACHABLE_CODE = YES;
				CLANG_WARN__DUPLICATE_METHOD_MATCH = YES;
				CODE_SIGN_IDENTITY = "-";
				COPY_PHASE_STRIP = NO;
				DEBUG_INFORMATION_FORMAT = dwarf;
				ENABLE_STRICT_OBJC_MSGSEND = YES;
				ENABLE_TESTABILITY = YES;
				GCC_C_LANGUAGE_STANDARD = gnu99;
				GCC_DYNAMIC_NO_PIC = NO;
				GCC_NO_COMMON_BLOCKS = YES;
				GCC_OPTIMIZATION_LEVEL = 0;
				GCC_PREPROCESSOR_DEFINITIONS = (
					"DEBUG=1",
					"$(inherited)",
				);
				GCC_WARN_64_TO_32_BIT_CONVERSION = YES;
				GCC_WARN_ABOUT_RETURN_TYPE = YES_ERROR;
				GCC_WARN_UNDECLARED_SELECTOR = YES;
				GCC_WARN_UNINITIALIZED_AUTOS = YES_AGGRESSIVE;
				GCC_WARN_UNUSED_FUNCTION = YES;
				GCC_WARN_UNUSED_VARIABLE = YES;
				MACOSX_DEPLOYMENT_TARGET = 10.11;
				MTL_ENABLE_DEBUG_INFO = YES;
				ONLY_ACTIVE_ARCH = YES;
				SDKROOT = macosx;
			};
			name = Debug;
		};
		F4918EAF1D8696F6007A9BFD /* Release */ = {
			isa = XCBuildConfiguration;
			buildSettings = {
				ALWAYS_SEARCH_USER_PATHS = NO;
				CLANG_ANALYZER_NONNULL = YES;
				CLANG_CXX_LANGUAGE_STANDARD = "gnu++0x";
				CLANG_CXX_LIBRARY = "libc++";
				CLANG_ENABLE_MODULES = YES;
				CLANG_ENABLE_OBJC_ARC = YES;
				CLANG_WARN_BOOL_CONVERSION = YES;
				CLANG_WARN_CONSTANT_CONVERSION = YES;
				CLANG_WARN_DIRECT_OBJC_ISA_USAGE = YES_ERROR;
				CLANG_WARN_EMPTY_BODY = YES;
				CLANG_WARN_ENUM_CONVERSION = YES;
				CLANG_WARN_INT_CONVERSION = YES;
				CLANG_WARN_OBJC_ROOT_CLASS = YES_ERROR;
				CLANG_WARN_UNREACHABLE_CODE = YES;
				CLANG_WARN__DUPLICATE_METHOD_MATCH = YES;
				CODE_SIGN_IDENTITY = "-";
				COPY_PHASE_STRIP = NO;
				DEBUG_INFORMATION_FORMAT = "dwarf-with-dsym";
				ENABLE_NS_ASSERTIONS = NO;
				ENABLE_STRICT_OBJC_MSGSEND = YES;
				GCC_C_LANGUAGE_STANDARD = gnu99;
				GCC_NO_COMMON_BLOCKS = YES;
				GCC_WARN_64_TO_32_BIT_CONVERSION = YES;
				GCC_WARN_ABOUT_RETURN_TYPE = YES_ERROR;
				GCC_WARN_UNDECLARED_SELECTOR = YES;
				GCC_WARN_UNINITIALIZED_AUTOS = YES_AGGRESSIVE;
				GCC_WARN_UNUSED_FUNCTION = YES;
				GCC_WARN_UNUSED_VARIABLE = YES;
				MACOSX_DEPLOYMENT_TARGET = 10.11;
				MTL_ENABLE_DEBUG_INFO = NO;
				SDKROOT = macosx;
			};
			name = Release;
		};
		F4918EB11D8696F6007A9BFD /* Debug */ = {
			isa = XCBuildConfiguration;
			buildSettings = {
				PRODUCT_NAME = "$(TARGET_NAME)";
			};
			name = Debug;
		};
		F4918EB21D8696F6007A9BFD /* Release */ = {
			isa = XCBuildConfiguration;
			buildSettings = {
				PRODUCT_NAME = "$(TARGET_NAME)";
			};
			name = Release;
		};
/* End XCBuildConfiguration section */

/* Begin XCConfigurationList section */
		F4918EA41D8696F6007A9BFD /* Build configuration list for PBXProject "study_oc" */ = {
			isa = XCConfigurationList;
			buildConfigurations = (
				F4918EAE1D8696F6007A9BFD /* Debug */,
				F4918EAF1D8696F6007A9BFD /* Release */,
			);
			defaultConfigurationIsVisible = 0;
			defaultConfigurationName = Release;
		};
		F4918EB01D8696F6007A9BFD /* Build configuration list for PBXNativeTarget "study_oc" */ = {
			isa = XCConfigurationList;
			buildConfigurations = (
				F4918EB11D8696F6007A9BFD /* Debug */,
				F4918EB21D8696F6007A9BFD /* Release */,
			);
			defaultConfigurationIsVisible = 0;
			defaultConfigurationName = Release;
		};
/* End XCConfigurationList section */
	};
	rootObject = F4918EA11D8696F6007A9BFD /* Project object */;
}
